
Microsoft Visual Studio Solution File, Format Version 12.00
# Visual Studio 14
VisualStudioVersion = 14.0.25420.1
MinimumVisualStudioVersion = 10.0.40219.1
Project("{2150E333-8FDC-42A3-9474-1A3956D46DE8}") = "Engine", "Engine", "{E6211E15-2584-475B-B262-B5B26E013C13}"
EndProject
Project("{2150E333-8FDC-42A3-9474-1A3956D46DE8}") = "Games", "Games", "{FA528A8E-7CD2-4EE7-A91E-5BAC066AC84E}"
EndProject
Project("{8BC9CEB8-8B4A-11D0-8D11-00A0C91BC942}") = "UE4", "Intermediate\ProjectFiles\UE4.vcxproj", "{9790DEE1-594D-4865-9CFC-3F369272EE79}"
EndProject
Project("{8BC9CEB8-8B4A-11D0-8D11-00A0C91BC942}") = "UE4_AStar", "Intermediate\ProjectFiles\UE4_AStar.vcxproj", "{2F716434-EE8A-43E8-8C06-FEAB978C398A}"
EndProject
Global
	GlobalSection(SolutionConfigurationPlatforms) = preSolution
		DebugGame Editor|HTML5 = DebugGame Editor|HTML5
		DebugGame Editor|Win32 = DebugGame Editor|Win32
		DebugGame Editor|Win64 = DebugGame Editor|Win64
		DebugGame|HTML5 = DebugGame|HTML5
		DebugGame|Win32 = DebugGame|Win32
		DebugGame|Win64 = DebugGame|Win64
		Development Editor|HTML5 = Development Editor|HTML5
		Development Editor|Win32 = Development Editor|Win32
		Development Editor|Win64 = Development Editor|Win64
		Development|HTML5 = Development|HTML5
		Development|Win32 = Development|Win32
		Development|Win64 = Development|Win64
		Shipping|HTML5 = Shipping|HTML5
		Shipping|Win32 = Shipping|Win32
		Shipping|Win64 = Shipping|Win64
	EndGlobalSection
	GlobalSection(ProjectConfigurationPlatforms) = postSolution
		{9790DEE1-594D-4865-9CFC-3F369272EE79}.DebugGame Editor|HTML5.ActiveCfg = BuiltWithUnrealBuildTool|Win32
		{9790DEE1-594D-4865-9CFC-3F369272EE79}.DebugGame Editor|HTML5.Build.0 = BuiltWithUnrealBuildTool|Win32
		{9790DEE1-594D-4865-9CFC-3F369272EE79}.DebugGame Editor|Win32.ActiveCfg = BuiltWithUnrealBuildTool|Win32
		{9790DEE1-594D-4865-9CFC-3F369272EE79}.DebugGame Editor|Win32.Build.0 = BuiltWithUnrealBuildTool|Win32
		{9790DEE1-594D-4865-9CFC-3F369272EE79}.DebugGame Editor|Win64.ActiveCfg = BuiltWithUnrealBuildTool|Win32
		{9790DEE1-594D-4865-9CFC-3F369272EE79}.DebugGame Editor|Win64.Build.0 = BuiltWithUnrealBuildTool|Win32
		{9790DEE1-594D-4865-9CFC-3F369272EE79}.DebugGame|HTML5.ActiveCfg = BuiltWithUnrealBuildTool|Win32
		{9790DEE1-594D-4865-9CFC-3F369272EE79}.DebugGame|HTML5.Build.0 = BuiltWithUnrealBuildTool|Win32
		{9790DEE1-594D-4865-9CFC-3F369272EE79}.DebugGame|Win32.ActiveCfg = BuiltWithUnrealBuildTool|Win32
		{9790DEE1-594D-4865-9CFC-3F369272EE79}.DebugGame|Win32.Build.0 = BuiltWithUnrealBuildTool|Win32
		{9790DEE1-594D-4865-9CFC-3F369272EE79}.DebugGame|Win64.ActiveCfg = BuiltWithUnrealBuildTool|Win32
		{9790DEE1-594D-4865-9CFC-3F369272EE79}.DebugGame|Win64.Build.0 = BuiltWithUnrealBuildTool|Win32
		{9790DEE1-594D-4865-9CFC-3F369272EE79}.Development Editor|HTML5.ActiveCfg = BuiltWithUnrealBuildTool|Win32
		{9790DEE1-594D-4865-9CFC-3F369272EE79}.Development Editor|HTML5.Build.0 = BuiltWithUnrealBuildTool|Win32
		{9790DEE1-594D-4865-9CFC-3F369272EE79}.Development Editor|Win32.ActiveCfg = BuiltWithUnrealBuildTool|Win32
		{9790DEE1-594D-4865-9CFC-3F369272EE79}.Development Editor|Win32.Build.0 = BuiltWithUnrealBuildTool|Win32
		{9790DEE1-594D-4865-9CFC-3F369272EE79}.Development Editor|Win64.ActiveCfg = BuiltWithUnrealBuildTool|Win32
		{9790DEE1-594D-4865-9CFC-3F369272EE79}.Development Editor|Win64.Build.0 = BuiltWithUnrealBuildTool|Win32
		{9790DEE1-594D-4865-9CFC-3F369272EE79}.Development|HTML5.ActiveCfg = BuiltWithUnrealBuildTool|Win32
		{9790DEE1-594D-4865-9CFC-3F369272EE79}.Development|HTML5.Build.0 = BuiltWithUnrealBuildTool|Win32
		{9790DEE1-594D-4865-9CFC-3F369272EE79}.Development|Win32.ActiveCfg = BuiltWithUnrealBuildTool|Win32
		{9790DEE1-594D-4865-9CFC-3F369272EE79}.Development|Win32.Build.0 = BuiltWithUnrealBuildTool|Win32
		{9790DEE1-594D-4865-9CFC-3F369272EE79}.Development|Win64.ActiveCfg = BuiltWithUnrealBuildTool|Win32
		{9790DEE1-594D-4865-9CFC-3F369272EE79}.Development|Win64.Build.0 = BuiltWithUnrealBuildTool|Win32
		{9790DEE1-594D-4865-9CFC-3F369272EE79}.Shipping|HTML5.ActiveCfg = BuiltWithUnrealBuildTool|Win32
		{9790DEE1-594D-4865-9CFC-3F369272EE79}.Shipping|HTML5.Build.0 = BuiltWithUnrealBuildTool|Win32
		{9790DEE1-594D-4865-9CFC-3F369272EE79}.Shipping|Win32.ActiveCfg = BuiltWithUnrealBuildTool|Win32
		{9790DEE1-594D-4865-9CFC-3F369272EE79}.Shipping|Win32.Build.0 = BuiltWithUnrealBuildTool|Win32
		{9790DEE1-594D-4865-9CFC-3F369272EE79}.Shipping|Win64.ActiveCfg = BuiltWithUnrealBuildTool|Win32
		{9790DEE1-594D-4865-9CFC-3F369272EE79}.Shipping|Win64.Build.0 = BuiltWithUnrealBuildTool|Win32
		{2F716434-EE8A-43E8-8C06-FEAB978C398A}.DebugGame Editor|HTML5.ActiveCfg = HTML5_DebugGame_Editor|Win32
		{2F716434-EE8A-43E8-8C06-FEAB978C398A}.DebugGame Editor|Win32.ActiveCfg = DebugGame_Editor|Win32
		{2F716434-EE8A-43E8-8C06-FEAB978C398A}.DebugGame Editor|Win64.ActiveCfg = DebugGame_Editor|x64
		{2F716434-EE8A-43E8-8C06-FEAB978C398A}.DebugGame Editor|Win64.Build.0 = DebugGame_Editor|x64
		{2F716434-EE8A-43E8-8C06-FEAB978C398A}.DebugGame|HTML5.ActiveCfg = HTML5_DebugGame_Game|Win32
		{2F716434-EE8A-43E8-8C06-FEAB978C398A}.DebugGame|HTML5.Build.0 = HTML5_DebugGame_Game|Win32
		{2F716434-EE8A-43E8-8C06-FEAB978C398A}.DebugGame|Win32.ActiveCfg = DebugGame_Game|Win32
		{2F716434-EE8A-43E8-8C06-FEAB978C398A}.DebugGame|Win32.Build.0 = DebugGame_Game|Win32
		{2F716434-EE8A-43E8-8C06-FEAB978C398A}.DebugGame|Win64.ActiveCfg = DebugGame_Game|x64
		{2F716434-EE8A-43E8-8C06-FEAB978C398A}.DebugGame|Win64.Build.0 = DebugGame_Game|x64
		{2F716434-EE8A-43E8-8C06-FEAB978C398A}.Development Editor|HTML5.ActiveCfg = HTML5_Development_Editor|Win32
		{2F716434-EE8A-43E8-8C06-FEAB978C398A}.Development Editor|Win32.ActiveCfg = Development_Editor|Win32
		{2F716434-EE8A-43E8-8C06-FEAB978C398A}.Development Editor|Win64.ActiveCfg = Development_Editor|x64
		{2F716434-EE8A-43E8-8C06-FEAB978C398A}.Development Editor|Win64.Build.0 = Development_Editor|x64
		{2F716434-EE8A-43E8-8C06-FEAB978C398A}.Development|HTML5.ActiveCfg = HTML5_Development_Game|Win32
		{2F716434-EE8A-43E8-8C06-FEAB978C398A}.Development|HTML5.Build.0 = HTML5_Development_Game|Win32
		{2F716434-EE8A-43E8-8C06-FEAB978C398A}.Development|Win32.ActiveCfg = Development_Game|Win32
		{2F716434-EE8A-43E8-8C06-FEAB978C398A}.Development|Win32.Build.0 = Development_Game|Win32
		{2F716434-EE8A-43E8-8C06-FEAB978C398A}.Development|Win64.ActiveCfg = Development_Game|x64
		{2F716434-EE8A-43E8-8C06-FEAB978C398A}.Development|Win64.Build.0 = Development_Game|x64
		{2F716434-EE8A-43E8-8C06-FEAB978C398A}.Shipping|HTML5.ActiveCfg = HTML5_Shipping_Game|Win32
		{2F716434-EE8A-43E8-8C06-FEAB978C398A}.Shipping|HTML5.Build.0 = HTML5_Shipping_Game|Win32
		{2F716434-EE8A-43E8-8C06-FEAB978C398A}.Shipping|Win32.ActiveCfg = Shipping_Game|Win32
		{2F716434-EE8A-43E8-8C06-FEAB978C398A}.Shipping|Win32.Build.0 = Shipping_Game|Win32
		{2F716434-EE8A-43E8-8C06-FEAB978C398A}.Shipping|Win64.ActiveCfg = Shipping_Game|x64
		{2F716434-EE8A-43E8-8C06-FEAB978C398A}.Shipping|Win64.Build.0 = Shipping_Game|x64
	EndGlobalSection
	GlobalSection(SolutionProperties) = preSolution
		HideSolutionNode = FALSE
	EndGlobalSection
	GlobalSection(NestedProjects) = preSolution
		{9790DEE1-594D-4865-9CFC-3F369272EE79} = {E6211E15-2584-475B-B262-B5B26E013C13}
		{2F716434-EE8A-43E8-8C06-FEAB978C398A} = {FA528A8E-7CD2-4EE7-A91E-5BAC066AC84E}
	EndGlobalSection
EndGlobal
